
Microsoft Visual Studio Solution File, Format Version 12.00
Project("{FAE04EC0-301F-11D3-BF4B-00C04F79EFBC}") = "SpaceProfilerConsole", "SpaceProfilerConsole\SpaceProfilerConsole.csproj", "{FF00EA8C-7656-40E4-BDFB-D584ACD6771D}"
EndProject
Project("{FAE04EC0-301F-11D3-BF4B-00C04F79EFBC}") = "SpaceProfilerLogic", "SpaceProfilerLogic\SpaceProfilerLogic.csproj", "{072E5566-943C-4EB8-8561-2B352E1A8DD9}"
EndProject
Project("{2150E333-8FDC-42A3-9474-1A3956D46DE8}") = "Tests", "Tests", "{179BF463-5239-4A80-905E-434C007A3A3E}"
EndProject
Project("{FAE04EC0-301F-11D3-BF4B-00C04F79EFBC}") = "SpaceProfilerLogicTests", "SpaceProfilerLogicTests\SpaceProfilerLogicTests.csproj", "{924D31A0-B1DA-4B96-9F74-6E257D97F13B}"
EndProject
Global
	GlobalSection(SolutionConfigurationPlatforms) = preSolution
		Debug|Any CPU = Debug|Any CPU
		Release|Any CPU = Release|Any CPU
	EndGlobalSection
	GlobalSection(ProjectConfigurationPlatforms) = postSolution
		{FF00EA8C-7656-40E4-BDFB-D584ACD6771D}.Debug|Any CPU.ActiveCfg = Debug|Any CPU
		{FF00EA8C-7656-40E4-BDFB-D584ACD6771D}.Debug|Any CPU.Build.0 = Debug|Any CPU
		{FF00EA8C-7656-40E4-BDFB-D584ACD6771D}.Release|Any CPU.ActiveCfg = Release|Any CPU
		{FF00EA8C-7656-40E4-BDFB-D584ACD6771D}.Release|Any CPU.Build.0 = Release|Any CPU
		{072E5566-943C-4EB8-8561-2B352E1A8DD9}.Debug|Any CPU.ActiveCfg = Debug|Any CPU
		{072E5566-943C-4EB8-8561-2B352E1A8DD9}.Debug|Any CPU.Build.0 = Debug|Any CPU
		{072E5566-943C-4EB8-8561-2B352E1A8DD9}.Release|Any CPU.ActiveCfg = Release|Any CPU
		{072E5566-943C-4EB8-8561-2B352E1A8DD9}.Release|Any CPU.Build.0 = Release|Any CPU
		{924D31A0-B1DA-4B96-9F74-6E257D97F13B}.Debug|Any CPU.ActiveCfg = Debug|Any CPU
		{924D31A0-B1DA-4B96-9F74-6E257D97F13B}.Debug|Any CPU.Build.0 = Debug|Any CPU
		{924D31A0-B1DA-4B96-9F74-6E257D97F13B}.Release|Any CPU.ActiveCfg = Release|Any CPU
		{924D31A0-B1DA-4B96-9F74-6E257D97F13B}.Release|Any CPU.Build.0 = Release|Any CPU
	EndGlobalSection
	GlobalSection(NestedProjects) = preSolution
		{924D31A0-B1DA-4B96-9F74-6E257D97F13B} = {179BF463-5239-4A80-905E-434C007A3A3E}
	EndGlobalSection
EndGlobal
